{
    "name": "AceFace+",
    "version": "0.1.0",
    "lockfileVersion": 1,
    "requires": true,
    "dependencies": {
        "node-opencv": {
            "version": "0.0.2-security",
            "resolved": "http://registry.npm.taobao.org/node-opencv/download/node-opencv-0.0.2-security.tgz",
            "integrity": "sha1-acrrp2NluBtQgRrOiI+eo1nLGKg="
        }
    }
}
